// !$*UTF8*$!
{
	archiveVersion = 1;
	classes = {
	};
	objectVersion = 46;
	objects = {

/* Begin PBXBuildFile section */
		693BA35A1E09BBD700C5522E /* CoreFoundation.framework in Frameworks */ = {isa = PBXBuildFile; fileRef = 693BA3591E09BBD700C5522E /* CoreFoundation.framework */; };
		6983BBE11E1F132F00C9E0F6 /* registration.plist in Resources */ = {isa = PBXBuildFile; fileRef = 6983BBE01E1F132F00C9E0F6 /* registration.plist */; };
		6983BBE41E24066800C9E0F6 /* Mapbox.framework in Frameworks */ = {isa = PBXBuildFile; fileRef = 6983BBE31E24066800C9E0F6 /* Mapbox.framework */; };
		6983BBE51E24066800C9E0F6 /* Mapbox.framework in Embed Frameworks */ = {isa = PBXBuildFile; fileRef = 6983BBE31E24066800C9E0F6 /* Mapbox.framework */; settings = {ATTRIBUTES = (CodeSignOnCopy, RemoveHeadersOnCopy, ); }; };
		6983BBE81E244E8500C9E0F6 /* PulleyPassthroughScrollView.swift in Sources */ = {isa = PBXBuildFile; fileRef = 6983BBE61E244E8500C9E0F6 /* PulleyPassthroughScrollView.swift */; };
		6983BBE91E244E8500C9E0F6 /* PulleyViewController.swift in Sources */ = {isa = PBXBuildFile; fileRef = 6983BBE71E244E8500C9E0F6 /* PulleyViewController.swift */; };
		6983BBEC1E245B2C00C9E0F6 /* LocationSearchViewController.swift in Sources */ = {isa = PBXBuildFile; fileRef = 6983BBEB1E245B2C00C9E0F6 /* LocationSearchViewController.swift */; };
		6983BBEE1E247BE100C9E0F6 /* PrimaryTransitionTargetViewController.swift in Sources */ = {isa = PBXBuildFile; fileRef = 6983BBED1E247BE100C9E0F6 /* PrimaryTransitionTargetViewController.swift */; };
		6983BBF11E25521C00C9E0F6 /* IDZSwiftCommonCrypto.framework in Frameworks */ = {isa = PBXBuildFile; fileRef = 6983BBEF1E2551EE00C9E0F6 /* IDZSwiftCommonCrypto.framework */; };
		6983BBF21E25521C00C9E0F6 /* IDZSwiftCommonCrypto.framework in Embed Frameworks */ = {isa = PBXBuildFile; fileRef = 6983BBEF1E2551EE00C9E0F6 /* IDZSwiftCommonCrypto.framework */; settings = {ATTRIBUTES = (CodeSignOnCopy, RemoveHeadersOnCopy, ); }; };
		69A8A77C1E25593D002472C4 /* MapboxGeocoder.framework in Frameworks */ = {isa = PBXBuildFile; fileRef = 69A8A77B1E25593D002472C4 /* MapboxGeocoder.framework */; };
		69A8A77D1E25593D002472C4 /* MapboxGeocoder.framework in Embed Frameworks */ = {isa = PBXBuildFile; fileRef = 69A8A77B1E25593D002472C4 /* MapboxGeocoder.framework */; settings = {ATTRIBUTES = (CodeSignOnCopy, RemoveHeadersOnCopy, ); }; };
		69A8A77F1E256B1B002472C4 /* StreetAddressFormatter.swift in Sources */ = {isa = PBXBuildFile; fileRef = 69A8A77E1E256B1B002472C4 /* StreetAddressFormatter.swift */; };
		69A8A7811E256D73002472C4 /* LocationDetailViewController.swift in Sources */ = {isa = PBXBuildFile; fileRef = 69A8A7801E256D73002472C4 /* LocationDetailViewController.swift */; };
		69F3AE771E06F0D10030AFA1 /* AppDelegate.swift in Sources */ = {isa = PBXBuildFile; fileRef = 69F3AE761E06F0D10030AFA1 /* AppDelegate.swift */; };
		69F3AE791E06F0D10030AFA1 /* MapViewController.swift in Sources */ = {isa = PBXBuildFile; fileRef = 69F3AE781E06F0D10030AFA1 /* MapViewController.swift */; };
		69F3AE7C1E06F0D10030AFA1 /* Main.storyboard in Resources */ = {isa = PBXBuildFile; fileRef = 69F3AE7A1E06F0D10030AFA1 /* Main.storyboard */; };
		69F3AE7E1E06F0D10030AFA1 /* Assets.xcassets in Resources */ = {isa = PBXBuildFile; fileRef = 69F3AE7D1E06F0D10030AFA1 /* Assets.xcassets */; };
		69F3AE811E06F0D10030AFA1 /* LaunchScreen.storyboard in Resources */ = {isa = PBXBuildFile; fileRef = 69F3AE7F1E06F0D10030AFA1 /* LaunchScreen.storyboard */; };
		69F3AE8C1E06F0D10030AFA1 /* GeoLocationTests.swift in Sources */ = {isa = PBXBuildFile; fileRef = 69F3AE8B1E06F0D10030AFA1 /* GeoLocationTests.swift */; };
		69F3AE971E06F0D10030AFA1 /* GeoLocationUITests.swift in Sources */ = {isa = PBXBuildFile; fileRef = 69F3AE961E06F0D10030AFA1 /* GeoLocationUITests.swift */; };
		69F3AEA81E06FAB10030AFA1 /* CoreLocation.framework in Frameworks */ = {isa = PBXBuildFile; fileRef = 69F3AEA71E06FAB10030AFA1 /* CoreLocation.framework */; };
		69FF679A1E0D84FF00AAD9A4 /* IoTGateway.swift in Sources */ = {isa = PBXBuildFile; fileRef = 69FF67991E0D84FF00AAD9A4 /* IoTGateway.swift */; };
		69FF679C1E0EE24500AAD9A4 /* DeviceProfile.swift in Sources */ = {isa = PBXBuildFile; fileRef = 69FF679B1E0EE24500AAD9A4 /* DeviceProfile.swift */; };
/* End PBXBuildFile section */

/* Begin PBXContainerItemProxy section */
		69F3AE881E06F0D10030AFA1 /* PBXContainerItemProxy */ = {
			isa = PBXContainerItemProxy;
			containerPortal = 69F3AE6B1E06F0D10030AFA1 /* Project object */;
			proxyType = 1;
			remoteGlobalIDString = 69F3AE721E06F0D10030AFA1;
			remoteInfo = GeoLocation;
		};
		69F3AE931E06F0D10030AFA1 /* PBXContainerItemProxy */ = {
			isa = PBXContainerItemProxy;
			containerPortal = 69F3AE6B1E06F0D10030AFA1 /* Project object */;
			proxyType = 1;
			remoteGlobalIDString = 69F3AE721E06F0D10030AFA1;
			remoteInfo = GeoLocation;
		};
/* End PBXContainerItemProxy section */

/* Begin PBXCopyFilesBuildPhase section */
		693BA35D1E09D96900C5522E /* Embed Frameworks */ = {
			isa = PBXCopyFilesBuildPhase;
			buildActionMask = 2147483647;
			dstPath = "";
			dstSubfolderSpec = 10;
			files = (
				69A8A77D1E25593D002472C4 /* MapboxGeocoder.framework in Embed Frameworks */,
				6983BBF21E25521C00C9E0F6 /* IDZSwiftCommonCrypto.framework in Embed Frameworks */,
				6983BBE51E24066800C9E0F6 /* Mapbox.framework in Embed Frameworks */,
			);
			name = "Embed Frameworks";
			runOnlyForDeploymentPostprocessing = 0;
		};
/* End PBXCopyFilesBuildPhase section */

/* Begin PBXFileReference section */
		693BA3551E09AEC700C5522E /* GeoLocation-Bridging-Header.h */ = {isa = PBXFileReference; fileEncoding = 4; lastKnownFileType = sourcecode.c.h; path = "GeoLocation-Bridging-Header.h"; sourceTree = "<group>"; };
		693BA3591E09BBD700C5522E /* CoreFoundation.framework */ = {isa = PBXFileReference; lastKnownFileType = wrapper.framework; name = CoreFoundation.framework; path = System/Library/Frameworks/CoreFoundation.framework; sourceTree = SDKROOT; };
		6983BBE01E1F132F00C9E0F6 /* registration.plist */ = {isa = PBXFileReference; fileEncoding = 4; lastKnownFileType = text.plist.xml; path = registration.plist; sourceTree = "<group>"; };
		6983BBE31E24066800C9E0F6 /* Mapbox.framework */ = {isa = PBXFileReference; lastKnownFileType = wrapper.framework; path = Mapbox.framework; sourceTree = "<group>"; };
		6983BBE61E244E8500C9E0F6 /* PulleyPassthroughScrollView.swift */ = {isa = PBXFileReference; fileEncoding = 4; lastKnownFileType = sourcecode.swift; name = PulleyPassthroughScrollView.swift; path = ../PulleyPassthroughScrollView.swift; sourceTree = "<group>"; };
		6983BBE71E244E8500C9E0F6 /* PulleyViewController.swift */ = {isa = PBXFileReference; fileEncoding = 4; lastKnownFileType = sourcecode.swift; name = PulleyViewController.swift; path = ../PulleyViewController.swift; sourceTree = "<group>"; };
		6983BBEB1E245B2C00C9E0F6 /* LocationSearchViewController.swift */ = {isa = PBXFileReference; fileEncoding = 4; lastKnownFileType = sourcecode.swift; path = LocationSearchViewController.swift; sourceTree = "<group>"; };
		6983BBED1E247BE100C9E0F6 /* PrimaryTransitionTargetViewController.swift */ = {isa = PBXFileReference; fileEncoding = 4; lastKnownFileType = sourcecode.swift; path = PrimaryTransitionTargetViewController.swift; sourceTree = "<group>"; };
		6983BBEF1E2551EE00C9E0F6 /* IDZSwiftCommonCrypto.framework */ = {isa = PBXFileReference; lastKnownFileType = wrapper.framework; name = IDZSwiftCommonCrypto.framework; path = Carthage/Build/iOS/IDZSwiftCommonCrypto.framework; sourceTree = "<group>"; };
		69A8A77B1E25593D002472C4 /* MapboxGeocoder.framework */ = {isa = PBXFileReference; lastKnownFileType = wrapper.framework; name = MapboxGeocoder.framework; path = Carthage/Build/iOS/MapboxGeocoder.framework; sourceTree = "<group>"; };
		69A8A77E1E256B1B002472C4 /* StreetAddressFormatter.swift */ = {isa = PBXFileReference; fileEncoding = 4; lastKnownFileType = sourcecode.swift; path = StreetAddressFormatter.swift; sourceTree = "<group>"; };
		69A8A7801E256D73002472C4 /* LocationDetailViewController.swift */ = {isa = PBXFileReference; fileEncoding = 4; lastKnownFileType = sourcecode.swift; path = LocationDetailViewController.swift; sourceTree = "<group>"; };
		69F3AE731E06F0D10030AFA1 /* GeoLocation.app */ = {isa = PBXFileReference; explicitFileType = wrapper.application; includeInIndex = 0; path = GeoLocation.app; sourceTree = BUILT_PRODUCTS_DIR; };
		69F3AE761E06F0D10030AFA1 /* AppDelegate.swift */ = {isa = PBXFileReference; lastKnownFileType = sourcecode.swift; path = AppDelegate.swift; sourceTree = "<group>"; };
		69F3AE781E06F0D10030AFA1 /* MapViewController.swift */ = {isa = PBXFileReference; lastKnownFileType = sourcecode.swift; path = MapViewController.swift; sourceTree = "<group>"; };
		69F3AE7B1E06F0D10030AFA1 /* Base */ = {isa = PBXFileReference; lastKnownFileType = file.storyboard; name = Base; path = Base.lproj/Main.storyboard; sourceTree = "<group>"; };
		69F3AE7D1E06F0D10030AFA1 /* Assets.xcassets */ = {isa = PBXFileReference; lastKnownFileType = folder.assetcatalog; path = Assets.xcassets; sourceTree = "<group>"; };
		69F3AE801E06F0D10030AFA1 /* Base */ = {isa = PBXFileReference; lastKnownFileType = file.storyboard; name = Base; path = Base.lproj/LaunchScreen.storyboard; sourceTree = "<group>"; };
		69F3AE821E06F0D10030AFA1 /* Info.plist */ = {isa = PBXFileReference; lastKnownFileType = text.plist.xml; path = Info.plist; sourceTree = "<group>"; };
		69F3AE871E06F0D10030AFA1 /* GeoLocationTests.xctest */ = {isa = PBXFileReference; explicitFileType = wrapper.cfbundle; includeInIndex = 0; path = GeoLocationTests.xctest; sourceTree = BUILT_PRODUCTS_DIR; };
		69F3AE8B1E06F0D10030AFA1 /* GeoLocationTests.swift */ = {isa = PBXFileReference; lastKnownFileType = sourcecode.swift; path = GeoLocationTests.swift; sourceTree = "<group>"; };
		69F3AE8D1E06F0D10030AFA1 /* Info.plist */ = {isa = PBXFileReference; lastKnownFileType = text.plist.xml; path = Info.plist; sourceTree = "<group>"; };
		69F3AE921E06F0D10030AFA1 /* GeoLocationUITests.xctest */ = {isa = PBXFileReference; explicitFileType = wrapper.cfbundle; includeInIndex = 0; path = GeoLocationUITests.xctest; sourceTree = BUILT_PRODUCTS_DIR; };
		69F3AE961E06F0D10030AFA1 /* GeoLocationUITests.swift */ = {isa = PBXFileReference; lastKnownFileType = sourcecode.swift; path = GeoLocationUITests.swift; sourceTree = "<group>"; };
		69F3AE981E06F0D10030AFA1 /* Info.plist */ = {isa = PBXFileReference; lastKnownFileType = text.plist.xml; path = Info.plist; sourceTree = "<group>"; };
		69F3AEA71E06FAB10030AFA1 /* CoreLocation.framework */ = {isa = PBXFileReference; lastKnownFileType = wrapper.framework; name = CoreLocation.framework; path = System/Library/Frameworks/CoreLocation.framework; sourceTree = SDKROOT; };
		69FF67991E0D84FF00AAD9A4 /* IoTGateway.swift */ = {isa = PBXFileReference; fileEncoding = 4; lastKnownFileType = sourcecode.swift; path = IoTGateway.swift; sourceTree = "<group>"; };
		69FF679B1E0EE24500AAD9A4 /* DeviceProfile.swift */ = {isa = PBXFileReference; fileEncoding = 4; lastKnownFileType = sourcecode.swift; path = DeviceProfile.swift; sourceTree = "<group>"; };
/* End PBXFileReference section */

/* Begin PBXFrameworksBuildPhase section */
		69F3AE701E06F0D10030AFA1 /* Frameworks */ = {
			isa = PBXFrameworksBuildPhase;
			buildActionMask = 2147483647;
			files = (
				69A8A77C1E25593D002472C4 /* MapboxGeocoder.framework in Frameworks */,
				6983BBF11E25521C00C9E0F6 /* IDZSwiftCommonCrypto.framework in Frameworks */,
				693BA35A1E09BBD700C5522E /* CoreFoundation.framework in Frameworks */,
				69F3AEA81E06FAB10030AFA1 /* CoreLocation.framework in Frameworks */,
				6983BBE41E24066800C9E0F6 /* Mapbox.framework in Frameworks */,
			);
			runOnlyForDeploymentPostprocessing = 0;
		};
		69F3AE841E06F0D10030AFA1 /* Frameworks */ = {
			isa = PBXFrameworksBuildPhase;
			buildActionMask = 2147483647;
			files = (
			);
			runOnlyForDeploymentPostprocessing = 0;
		};
		69F3AE8F1E06F0D10030AFA1 /* Frameworks */ = {
			isa = PBXFrameworksBuildPhase;
			buildActionMask = 2147483647;
			files = (
			);
			runOnlyForDeploymentPostprocessing = 0;
		};
/* End PBXFrameworksBuildPhase section */

/* Begin PBXGroup section */
		6983BBDF1E1F12E900C9E0F6 /* Resources */ = {
			isa = PBXGroup;
			children = (
				69F3AE7D1E06F0D10030AFA1 /* Assets.xcassets */,
				69F3AE7F1E06F0D10030AFA1 /* LaunchScreen.storyboard */,
				6983BBE01E1F132F00C9E0F6 /* registration.plist */,
				69F3AE821E06F0D10030AFA1 /* Info.plist */,
			);
			name = Resources;
			sourceTree = "<group>";
		};
		6983BBEA1E2458F300C9E0F6 /* iOS 10 Pulley Map UI */ = {
			isa = PBXGroup;
			children = (
				6983BBE61E244E8500C9E0F6 /* PulleyPassthroughScrollView.swift */,
				6983BBE71E244E8500C9E0F6 /* PulleyViewController.swift */,
			);
			name = "iOS 10 Pulley Map UI";
			sourceTree = "<group>";
		};
		69F3AE6A1E06F0D10030AFA1 = {
			isa = PBXGroup;
			children = (
				69F3AE751E06F0D10030AFA1 /* GeoLocation */,
				69F3AE8A1E06F0D10030AFA1 /* GeoLocationTests */,
				69F3AE951E06F0D10030AFA1 /* GeoLocationUITests */,
				69F3AE741E06F0D10030AFA1 /* Products */,
				69F3AEA41E06F0E70030AFA1 /* Frameworks */,
			);
			sourceTree = "<group>";
		};
		69F3AE741E06F0D10030AFA1 /* Products */ = {
			isa = PBXGroup;
			children = (
				69F3AE731E06F0D10030AFA1 /* GeoLocation.app */,
				69F3AE871E06F0D10030AFA1 /* GeoLocationTests.xctest */,
				69F3AE921E06F0D10030AFA1 /* GeoLocationUITests.xctest */,
			);
			name = Products;
			sourceTree = "<group>";
		};
		69F3AE751E06F0D10030AFA1 /* GeoLocation */ = {
			isa = PBXGroup;
			children = (
				693BA3551E09AEC700C5522E /* GeoLocation-Bridging-Header.h */,
				6983BBEA1E2458F300C9E0F6 /* iOS 10 Pulley Map UI */,
				6983BBDF1E1F12E900C9E0F6 /* Resources */,
				69F3AE761E06F0D10030AFA1 /* AppDelegate.swift */,
				69F3AE7A1E06F0D10030AFA1 /* Main.storyboard */,
				69F3AE781E06F0D10030AFA1 /* MapViewController.swift */,
				6983BBEB1E245B2C00C9E0F6 /* LocationSearchViewController.swift */,
				6983BBED1E247BE100C9E0F6 /* PrimaryTransitionTargetViewController.swift */,
				69FF67991E0D84FF00AAD9A4 /* IoTGateway.swift */,
				69FF679B1E0EE24500AAD9A4 /* DeviceProfile.swift */,
				69A8A77E1E256B1B002472C4 /* StreetAddressFormatter.swift */,
				69A8A7801E256D73002472C4 /* LocationDetailViewController.swift */,
			);
			path = GeoLocation;
			sourceTree = "<group>";
		};
		69F3AE8A1E06F0D10030AFA1 /* GeoLocationTests */ = {
			isa = PBXGroup;
			children = (
				69F3AE8B1E06F0D10030AFA1 /* GeoLocationTests.swift */,
				69F3AE8D1E06F0D10030AFA1 /* Info.plist */,
			);
			path = GeoLocationTests;
			sourceTree = "<group>";
		};
		69F3AE951E06F0D10030AFA1 /* GeoLocationUITests */ = {
			isa = PBXGroup;
			children = (
				69F3AE961E06F0D10030AFA1 /* GeoLocationUITests.swift */,
				69F3AE981E06F0D10030AFA1 /* Info.plist */,
			);
			path = GeoLocationUITests;
			sourceTree = "<group>";
		};
		69F3AEA41E06F0E70030AFA1 /* Frameworks */ = {
			isa = PBXGroup;
			children = (
				6983BBEF1E2551EE00C9E0F6 /* IDZSwiftCommonCrypto.framework */,
				6983BBE31E24066800C9E0F6 /* Mapbox.framework */,
				69A8A77B1E25593D002472C4 /* MapboxGeocoder.framework */,
				693BA3591E09BBD700C5522E /* CoreFoundation.framework */,
				69F3AEA71E06FAB10030AFA1 /* CoreLocation.framework */,
			);
			name = Frameworks;
			sourceTree = "<group>";
		};
/* End PBXGroup section */

/* Begin PBXNativeTarget section */
		69F3AE721E06F0D10030AFA1 /* GeoLocation */ = {
			isa = PBXNativeTarget;
			buildConfigurationList = 69F3AE9B1E06F0D10030AFA1 /* Build configuration list for PBXNativeTarget "GeoLocation" */;
			buildPhases = (
				69F3AE6F1E06F0D10030AFA1 /* Sources */,
				69F3AE701E06F0D10030AFA1 /* Frameworks */,
				69F3AE711E06F0D10030AFA1 /* Resources */,
				693BA35D1E09D96900C5522E /* Embed Frameworks */,
			);
			buildRules = (
			);
			dependencies = (
			);
			name = GeoLocation;
			productName = GeoLocation;
			productReference = 69F3AE731E06F0D10030AFA1 /* GeoLocation.app */;
			productType = "com.apple.product-type.application";
		};
		69F3AE861E06F0D10030AFA1 /* GeoLocationTests */ = {
			isa = PBXNativeTarget;
			buildConfigurationList = 69F3AE9E1E06F0D10030AFA1 /* Build configuration list for PBXNativeTarget "GeoLocationTests" */;
			buildPhases = (
				69F3AE831E06F0D10030AFA1 /* Sources */,
				69F3AE841E06F0D10030AFA1 /* Frameworks */,
				69F3AE851E06F0D10030AFA1 /* Resources */,
			);
			buildRules = (
			);
			dependencies = (
				69F3AE891E06F0D10030AFA1 /* PBXTargetDependency */,
			);
			name = GeoLocationTests;
			productName = GeoLocationTests;
			productReference = 69F3AE871E06F0D10030AFA1 /* GeoLocationTests.xctest */;
			productType = "com.apple.product-type.bundle.unit-test";
		};
		69F3AE911E06F0D10030AFA1 /* GeoLocationUITests */ = {
			isa = PBXNativeTarget;
			buildConfigurationList = 69F3AEA11E06F0D10030AFA1 /* Build configuration list for PBXNativeTarget "GeoLocationUITests" */;
			buildPhases = (
				69F3AE8E1E06F0D10030AFA1 /* Sources */,
				69F3AE8F1E06F0D10030AFA1 /* Frameworks */,
				69F3AE901E06F0D10030AFA1 /* Resources */,
			);
			buildRules = (
			);
			dependencies = (
				69F3AE941E06F0D10030AFA1 /* PBXTargetDependency */,
			);
			name = GeoLocationUITests;
			productName = GeoLocationUITests;
			productReference = 69F3AE921E06F0D10030AFA1 /* GeoLocationUITests.xctest */;
			productType = "com.apple.product-type.bundle.ui-testing";
		};
/* End PBXNativeTarget section */

/* Begin PBXProject section */
		69F3AE6B1E06F0D10030AFA1 /* Project object */ = {
			isa = PBXProject;
			attributes = {
				LastSwiftUpdateCheck = 0820;
				LastUpgradeCheck = 0820;
				ORGANIZATIONNAME = "Steve Wart";
				TargetAttributes = {
					69F3AE721E06F0D10030AFA1 = {
						CreatedOnToolsVersion = 8.2;
						DevelopmentTeam = MSJ6KMGCMB;
						ProvisioningStyle = Automatic;
						SystemCapabilities = {
							com.apple.BackgroundModes = {
								enabled = 1;
							};
							com.apple.Maps.iOS = {
								enabled = 1;
							};
						};
					};
					69F3AE861E06F0D10030AFA1 = {
						CreatedOnToolsVersion = 8.2;
						ProvisioningStyle = Automatic;
						TestTargetID = 69F3AE721E06F0D10030AFA1;
					};
					69F3AE911E06F0D10030AFA1 = {
						CreatedOnToolsVersion = 8.2;
						ProvisioningStyle = Automatic;
						TestTargetID = 69F3AE721E06F0D10030AFA1;
					};
				};
			};
			buildConfigurationList = 69F3AE6E1E06F0D10030AFA1 /* Build configuration list for PBXProject "GeoLocation" */;
			compatibilityVersion = "Xcode 3.2";
			developmentRegion = English;
			hasScannedForEncodings = 0;
			knownRegions = (
				en,
				Base,
			);
			mainGroup = 69F3AE6A1E06F0D10030AFA1;
			productRefGroup = 69F3AE741E06F0D10030AFA1 /* Products */;
			projectDirPath = "";
			projectRoot = "";
			targets = (
				69F3AE721E06F0D10030AFA1 /* GeoLocation */,
				69F3AE861E06F0D10030AFA1 /* GeoLocationTests */,
				69F3AE911E06F0D10030AFA1 /* GeoLocationUITests */,
			);
		};
/* End PBXProject section */

/* Begin PBXResourcesBuildPhase section */
		69F3AE711E06F0D10030AFA1 /* Resources */ = {
			isa = PBXResourcesBuildPhase;
			buildActionMask = 2147483647;
			files = (
				69F3AE811E06F0D10030AFA1 /* LaunchScreen.storyboard in Resources */,
				69F3AE7E1E06F0D10030AFA1 /* Assets.xcassets in Resources */,
				69F3AE7C1E06F0D10030AFA1 /* Main.storyboard in Resources */,
				6983BBE11E1F132F00C9E0F6 /* registration.plist in Resources */,
			);
			runOnlyForDeploymentPostprocessing = 0;
		};
		69F3AE851E06F0D10030AFA1 /* Resources */ = {
			isa = PBXResourcesBuildPhase;
			buildActionMask = 2147483647;
			files = (
			);
			runOnlyForDeploymentPostprocessing = 0;
		};
		69F3AE901E06F0D10030AFA1 /* Resources */ = {
			isa = PBXResourcesBuildPhase;
			buildActionMask = 2147483647;
			files = (
			);
			runOnlyForDeploymentPostprocessing = 0;
		};
/* End PBXResourcesBuildPhase section */

/* Begin PBXSourcesBuildPhase section */
		69F3AE6F1E06F0D10030AFA1 /* Sources */ = {
			isa = PBXSourcesBuildPhase;
			buildActionMask = 2147483647;
			files = (
				6983BBE81E244E8500C9E0F6 /* PulleyPassthroughScrollView.swift in Sources */,
				69A8A77F1E256B1B002472C4 /* StreetAddressFormatter.swift in Sources */,
				69FF679A1E0D84FF00AAD9A4 /* IoTGateway.swift in Sources */,
				6983BBEC1E245B2C00C9E0F6 /* LocationSearchViewController.swift in Sources */,
				69A8A7811E256D73002472C4 /* LocationDetailViewController.swift in Sources */,
				6983BBEE1E247BE100C9E0F6 /* PrimaryTransitionTargetViewController.swift in Sources */,
				69F3AE791E06F0D10030AFA1 /* MapViewController.swift in Sources */,
				69F3AE771E06F0D10030AFA1 /* AppDelegate.swift in Sources */,
				69FF679C1E0EE24500AAD9A4 /* DeviceProfile.swift in Sources */,
				6983BBE91E244E8500C9E0F6 /* PulleyViewController.swift in Sources */,
			);
			runOnlyForDeploymentPostprocessing = 0;
		};
		69F3AE831E06F0D10030AFA1 /* Sources */ = {
			isa = PBXSourcesBuildPhase;
			buildActionMask = 2147483647;
			files = (
				69F3AE8C1E06F0D10030AFA1 /* GeoLocationTests.swift in Sources */,
			);
			runOnlyForDeploymentPostprocessing = 0;
		};
		69F3AE8E1E06F0D10030AFA1 /* Sources */ = {
			isa = PBXSourcesBuildPhase;
			buildActionMask = 2147483647;
			files = (
				69F3AE971E06F0D10030AFA1 /* GeoLocationUITests.swift in Sources */,
			);
			runOnlyForDeploymentPostprocessing = 0;
		};
/* End PBXSourcesBuildPhase section */

/* Begin PBXTargetDependency section */
		69F3AE891E06F0D10030AFA1 /* PBXTargetDependency */ = {
			isa = PBXTargetDependency;
			target = 69F3AE721E06F0D10030AFA1 /* GeoLocation */;
			targetProxy = 69F3AE881E06F0D10030AFA1 /* PBXContainerItemProxy */;
		};
		69F3AE941E06F0D10030AFA1 /* PBXTargetDependency */ = {
			isa = PBXTargetDependency;
			target = 69F3AE721E06F0D10030AFA1 /* GeoLocation */;
			targetProxy = 69F3AE931E06F0D10030AFA1 /* PBXContainerItemProxy */;
		};
/* End PBXTargetDependency section */

/* Begin PBXVariantGroup section */
		69F3AE7A1E06F0D10030AFA1 /* Main.storyboard */ = {
			isa = PBXVariantGroup;
			children = (
				69F3AE7B1E06F0D10030AFA1 /* Base */,
			);
			name = Main.storyboard;
			sourceTree = "<group>";
		};
		69F3AE7F1E06F0D10030AFA1 /* LaunchScreen.storyboard */ = {
			isa = PBXVariantGroup;
			children = (
				69F3AE801E06F0D10030AFA1 /* Base */,
			);
			name = LaunchScreen.storyboard;
			sourceTree = "<group>";
		};
/* End PBXVariantGroup section */

/* Begin XCBuildConfiguration section */
		69F3AE991E06F0D10030AFA1 /* Debug */ = {
			isa = XCBuildConfiguration;
			buildSettings = {
				ALWAYS_SEARCH_USER_PATHS = NO;
				CLANG_ANALYZER_NONNULL = YES;
				CLANG_CXX_LANGUAGE_STANDARD = "gnu++0x";
				CLANG_CXX_LIBRARY = "libc++";
				CLANG_ENABLE_MODULES = YES;
				CLANG_ENABLE_OBJC_ARC = YES;
				CLANG_WARN_BOOL_CONVERSION = YES;
				CLANG_WARN_CONSTANT_CONVERSION = YES;
				CLANG_WARN_DIRECT_OBJC_ISA_USAGE = YES_ERROR;
				CLANG_WARN_DOCUMENTATION_COMMENTS = YES;
				CLANG_WARN_EMPTY_BODY = YES;
				CLANG_WARN_ENUM_CONVERSION = YES;
				CLANG_WARN_INFINITE_RECURSION = YES;
				CLANG_WARN_INT_CONVERSION = YES;
				CLANG_WARN_OBJC_ROOT_CLASS = YES_ERROR;
				CLANG_WARN_SUSPICIOUS_MOVE = YES;
				CLANG_WARN_UNREACHABLE_CODE = YES;
				CLANG_WARN__DUPLICATE_METHOD_MATCH = YES;
				"CODE_SIGN_IDENTITY[sdk=iphoneos*]" = "iPhone Developer";
				COPY_PHASE_STRIP = NO;
				DEBUG_INFORMATION_FORMAT = dwarf;
				ENABLE_STRICT_OBJC_MSGSEND = YES;
				ENABLE_TESTABILITY = YES;
				GCC_C_LANGUAGE_STANDARD = gnu99;
				GCC_DYNAMIC_NO_PIC = NO;
				GCC_NO_COMMON_BLOCKS = YES;
				GCC_OPTIMIZATION_LEVEL = 0;
				GCC_PREPROCESSOR_DEFINITIONS = (
					"DEBUG=1",
					"$(inherited)",
				);
				GCC_WARN_64_TO_32_BIT_CONVERSION = YES;
				GCC_WARN_ABOUT_RETURN_TYPE = YES_ERROR;
				GCC_WARN_UNDECLARED_SELECTOR = YES;
				GCC_WARN_UNINITIALIZED_AUTOS = YES_AGGRESSIVE;
				GCC_WARN_UNUSED_FUNCTION = YES;
				GCC_WARN_UNUSED_VARIABLE = YES;
				IPHONEOS_DEPLOYMENT_TARGET = 10.2;
				MTL_ENABLE_DEBUG_INFO = YES;
				ONLY_ACTIVE_ARCH = YES;
				SDKROOT = iphoneos;
				SWIFT_ACTIVE_COMPILATION_CONDITIONS = DEBUG;
				SWIFT_OPTIMIZATION_LEVEL = "-Onone";
				TARGETED_DEVICE_FAMILY = "1,2";
			};
			name = Debug;
		};
		69F3AE9A1E06F0D10030AFA1 /* Release */ = {
			isa = XCBuildConfiguration;
			buildSettings = {
				ALWAYS_SEARCH_USER_PATHS = NO;
				CLANG_ANALYZER_NONNULL = YES;
				CLANG_CXX_LANGUAGE_STANDARD = "gnu++0x";
				CLANG_CXX_LIBRARY = "libc++";
				CLANG_ENABLE_MODULES = YES;
				CLANG_ENABLE_OBJC_ARC = YES;
				CLANG_WARN_BOOL_CONVERSION = YES;
				CLANG_WARN_CONSTANT_CONVERSION = YES;
				CLANG_WARN_DIRECT_OBJC_ISA_USAGE = YES_ERROR;
				CLANG_WARN_DOCUMENTATION_COMMENTS = YES;
				CLANG_WARN_EMPTY_BODY = YES;
				CLANG_WARN_ENUM_CONVERSION = YES;
				CLANG_WARN_INFINITE_RECURSION = YES;
				CLANG_WARN_INT_CONVERSION = YES;
				CLANG_WARN_OBJC_ROOT_CLASS = YES_ERROR;
				CLANG_WARN_SUSPICIOUS_MOVE = YES;
				CLANG_WARN_UNREACHABLE_CODE = YES;
				CLANG_WARN__DUPLICATE_METHOD_MATCH = YES;
				"CODE_SIGN_IDENTITY[sdk=iphoneos*]" = "iPhone Developer";
				COPY_PHASE_STRIP = NO;
				DEBUG_INFORMATION_FORMAT = "dwarf-with-dsym";
				ENABLE_NS_ASSERTIONS = NO;
				ENABLE_STRICT_OBJC_MSGSEND = YES;
				GCC_C_LANGUAGE_STANDARD = gnu99;
				GCC_NO_COMMON_BLOCKS = YES;
				GCC_WARN_64_TO_32_BIT_CONVERSION = YES;
				GCC_WARN_ABOUT_RETURN_TYPE = YES_ERROR;
				GCC_WARN_UNDECLARED_SELECTOR = YES;
				GCC_WARN_UNINITIALIZED_AUTOS = YES_AGGRESSIVE;
				GCC_WARN_UNUSED_FUNCTION = YES;
				GCC_WARN_UNUSED_VARIABLE = YES;
				IPHONEOS_DEPLOYMENT_TARGET = 10.2;
				MTL_ENABLE_DEBUG_INFO = NO;
				SDKROOT = iphoneos;
				SWIFT_OPTIMIZATION_LEVEL = "-Owholemodule";
				TARGETED_DEVICE_FAMILY = "1,2";
				VALIDATE_PRODUCT = YES;
			};
			name = Release;
		};
		69F3AE9C1E06F0D10030AFA1 /* Debug */ = {
			isa = XCBuildConfiguration;
			buildSettings = {
				ASSETCATALOG_COMPILER_APPICON_NAME = AppIcon;
				DEVELOPMENT_TEAM = MSJ6KMGCMB;
				FRAMEWORK_SEARCH_PATHS = (
					"$(inherited)",
					"$(PROJECT_DIR)/CommonCrypto/Carthage/Build/iOS",
					"$(PROJECT_DIR)",
					"$(PROJECT_DIR)/Carthage/Build/iOS",
				);
				INFOPLIST_FILE = GeoLocation/Info.plist;
				LD_RUNPATH_SEARCH_PATHS = "$(inherited) @executable_path/Frameworks";
				PRODUCT_BUNDLE_IDENTIFIER = com.magic.GeoLocation;
				PRODUCT_NAME = "$(TARGET_NAME)";
				SWIFT_VERSION = 3.0;
			};
			name = Debug;
		};
		69F3AE9D1E06F0D10030AFA1 /* Release */ = {
			isa = XCBuildConfiguration;
			buildSettings = {
				ASSETCATALOG_COMPILER_APPICON_NAME = AppIcon;
				DEVELOPMENT_TEAM = MSJ6KMGCMB;
				FRAMEWORK_SEARCH_PATHS = (
					"$(inherited)",
					"$(PROJECT_DIR)/CommonCrypto/Carthage/Build/iOS",
					"$(PROJECT_DIR)",
					"$(PROJECT_DIR)/Carthage/Build/iOS",
				);
				INFOPLIST_FILE = GeoLocation/Info.plist;
				LD_RUNPATH_SEARCH_PATHS = "$(inherited) @executable_path/Frameworks";
				PRODUCT_BUNDLE_IDENTIFIER = com.magic.GeoLocation;
				PRODUCT_NAME = "$(TARGET_NAME)";
				SWIFT_VERSION = 3.0;
			};
			name = Release;
		};
		69F3AE9F1E06F0D10030AFA1 /* Debug */ = {
			isa = XCBuildConfiguration;
			buildSettings = {
				ALWAYS_EMBED_SWIFT_STANDARD_LIBRARIES = YES;
				BUNDLE_LOADER = "$(TEST_HOST)";
				INFOPLIST_FILE = GeoLocationTests/Info.plist;
				LD_RUNPATH_SEARCH_PATHS = "$(inherited) @executable_path/Frameworks @loader_path/Frameworks";
				PRODUCT_BUNDLE_IDENTIFIER = com.magic.GeoLocationTests;
				PRODUCT_NAME = "$(TARGET_NAME)";
				SWIFT_VERSION = 3.0;
				TEST_HOST = "$(BUILT_PRODUCTS_DIR)/GeoLocation.app/GeoLocation";
			};
			name = Debug;
		};
		69F3AEA01E06F0D10030AFA1 /* Release */ = {
			isa = XCBuildConfiguration;
			buildSettings = {
				ALWAYS_EMBED_SWIFT_STANDARD_LIBRARIES = YES;
				BUNDLE_LOADER = "$(TEST_HOST)";
				INFOPLIST_FILE = GeoLocationTests/Info.plist;
				LD_RUNPATH_SEARCH_PATHS = "$(inherited) @executable_path/Frameworks @loader_path/Frameworks";
				PRODUCT_BUNDLE_IDENTIFIER = com.magic.GeoLocationTests;
				PRODUCT_NAME = "$(TARGET_NAME)";
				SWIFT_VERSION = 3.0;
				TEST_HOST = "$(BUILT_PRODUCTS_DIR)/GeoLocation.app/GeoLocation";
			};
			name = Release;
		};
		69F3AEA21E06F0D10030AFA1 /* Debug */ = {
			isa = XCBuildConfiguration;
			buildSettings = {
				ALWAYS_EMBED_SWIFT_STANDARD_LIBRARIES = YES;
				INFOPLIST_FILE = GeoLocationUITests/Info.plist;
				LD_RUNPATH_SEARCH_PATHS = "$(inherited) @executable_path/Frameworks @loader_path/Frameworks";
				PRODUCT_BUNDLE_IDENTIFIER = com.magic.GeoLocationUITests;
				PRODUCT_NAME = "$(TARGET_NAME)";
				SWIFT_VERSION = 3.0;
				TEST_TARGET_NAME = GeoLocation;
			};
			name = Debug;
		};
		69F3AEA31E06F0D10030AFA1 /* Release */ = {
			isa = XCBuildConfiguration;
			buildSettings = {
				ALWAYS_EMBED_SWIFT_STANDARD_LIBRARIES = YES;
				INFOPLIST_FILE = GeoLocationUITests/Info.plist;
				LD_RUNPATH_SEARCH_PATHS = "$(inherited) @executable_path/Frameworks @loader_path/Frameworks";
				PRODUCT_BUNDLE_IDENTIFIER = com.magic.GeoLocationUITests;
				PRODUCT_NAME = "$(TARGET_NAME)";
				SWIFT_VERSION = 3.0;
				TEST_TARGET_NAME = GeoLocation;
			};
			name = Release;
		};
/* End XCBuildConfiguration section */

/* Begin XCConfigurationList section */
		69F3AE6E1E06F0D10030AFA1 /* Build configuration list for PBXProject "GeoLocation" */ = {
			isa = XCConfigurationList;
			buildConfigurations = (
				69F3AE991E06F0D10030AFA1 /* Debug */,
				69F3AE9A1E06F0D10030AFA1 /* Release */,
			);
			defaultConfigurationIsVisible = 0;
			defaultConfigurationName = Release;
		};
		69F3AE9B1E06F0D10030AFA1 /* Build configuration list for PBXNativeTarget "GeoLocation" */ = {
			isa = XCConfigurationList;
			buildConfigurations = (
				69F3AE9C1E06F0D10030AFA1 /* Debug */,
				69F3AE9D1E06F0D10030AFA1 /* Release */,
			);
			defaultConfigurationIsVisible = 0;
			defaultConfigurationName = Release;
		};
		69F3AE9E1E06F0D10030AFA1 /* Build configuration list for PBXNativeTarget "GeoLocationTests" */ = {
			isa = XCConfigurationList;
			buildConfigurations = (
				69F3AE9F1E06F0D10030AFA1 /* Debug */,
				69F3AEA01E06F0D10030AFA1 /* Release */,
			);
			defaultConfigurationIsVisible = 0;
			defaultConfigurationName = Release;
		};
		69F3AEA11E06F0D10030AFA1 /* Build configuration list for PBXNativeTarget "GeoLocationUITests" */ = {
			isa = XCConfigurationList;
			buildConfigurations = (
				69F3AEA21E06F0D10030AFA1 /* Debug */,
				69F3AEA31E06F0D10030AFA1 /* Release */,
			);
			defaultConfigurationIsVisible = 0;
			defaultConfigurationName = Release;
		};
/* End XCConfigurationList section */
	};
	rootObject = 69F3AE6B1E06F0D10030AFA1 /* Project object */;
}
